PODS:
  - DCHFyberSDK (1.0.0)
  - SDWebImage (5.10.4):
    - SDWebImage/Core (= 5.10.4)
  - SDWebImage/Core (5.10.4)

DEPENDENCIES:
  - DCHFyberSDK (from `../`)
  - SDWebImage

SPEC REPOS:
  trunk:
    - SDWebImage

EXTERNAL SOURCES:
  DCHFyberSDK:
    :path: "../"

SPEC CHECKSUMS:
  DCHFyberSDK: 2fcd72db829a332bc0a87a16c89736e1ebacbb74
  SDWebImage: c666b97e1fa9c64b4909816a903322018f0a9c84

PODFILE CHECKSUM: a55e2afb7f9fd5a0aae5deb074db34f200db7e59

COCOAPODS: 1.10.1
